
Microsoft Visual Studio Solution File, Format Version 12.00
# Visual Studio Version 16
VisualStudioVersion = 16.0.29215.179
MinimumVisualStudioVersion = 10.0.40219.1
Project("{FAE04EC0-301F-11D3-BF4B-00C04F79EFBC}") = "VulkanMemoryAllocator-CS", "VulkanMemoryAllocator-CS.csproj", "{7C0F683B-573F-469A-892F-4B0512D96FA3}"
EndProject
Global
	GlobalSection(SolutionConfigurationPlatforms) = preSolution
		Debug|Any CPU = Debug|Any CPU
		Release|Any CPU = Release|Any CPU
	EndGlobalSection
	GlobalSection(ProjectConfigurationPlatforms) = postSolution
		{7C0F683B-573F-469A-892F-4B0512D96FA3}.Debug|Any CPU.ActiveCfg = Debug|Any CPU
		{7C0F683B-573F-469A-892F-4B0512D96FA3}.Debug|Any CPU.Build.0 = Debug|Any CPU
		{7C0F683B-573F-469A-892F-4B0512D96FA3}.Release|Any CPU.ActiveCfg = Release|Any CPU
		{7C0F683B-573F-469A-892F-4B0512D96FA3}.Release|Any CPU.Build.0 = Release|Any CPU
	EndGlobalSection
	GlobalSection(SolutionProperties) = preSolution
		HideSolutionNode = FALSE
	EndGlobalSection
	GlobalSection(ExtensibilityGlobals) = postSolution
		SolutionGuid = {F8FD78C8-48F5-4721-887D-AF8E15A6DEF7}
	EndGlobalSection
EndGlobal
